
Microsoft Visual Studio Solution File, Format Version 12.00
# Visual Studio 15
VisualStudioVersion = 15.0.27130.2026
MinimumVisualStudioVersion = 10.0.40219.1
Project("{FAE04EC0-301F-11D3-BF4B-00C04F79EFBC}") = "DockerTest", "DockerTest\DockerTest.csproj", "{D65A14D9-AFEA-451A-9AB6-FA8F0BBA11F6}"
EndProject
Project("{E53339B2-1760-4266-BCC7-CA923CBCF16C}") = "docker-compose", "docker-compose.dcproj", "{43C42BAF-627F-4E3E-B797-3489F724B28D}"
EndProject
Global
	GlobalSection(SolutionConfigurationPlatforms) = preSolution
		Debug|Any CPU = Debug|Any CPU
		Release|Any CPU = Release|Any CPU
	EndGlobalSection
	GlobalSection(ProjectConfigurationPlatforms) = postSolution
		{D65A14D9-AFEA-451A-9AB6-FA8F0BBA11F6}.Debug|Any CPU.ActiveCfg = Debug|Any CPU
		{D65A14D9-AFEA-451A-9AB6-FA8F0BBA11F6}.Debug|Any CPU.Build.0 = Debug|Any CPU
		{D65A14D9-AFEA-451A-9AB6-FA8F0BBA11F6}.Release|Any CPU.ActiveCfg = Release|Any CPU
		{D65A14D9-AFEA-451A-9AB6-FA8F0BBA11F6}.Release|Any CPU.Build.0 = Release|Any CPU
		{43C42BAF-627F-4E3E-B797-3489F724B28D}.Debug|Any CPU.ActiveCfg = Debug|Any CPU
		{43C42BAF-627F-4E3E-B797-3489F724B28D}.Debug|Any CPU.Build.0 = Debug|Any CPU
		{43C42BAF-627F-4E3E-B797-3489F724B28D}.Release|Any CPU.ActiveCfg = Release|Any CPU
		{43C42BAF-627F-4E3E-B797-3489F724B28D}.Release|Any CPU.Build.0 = Release|Any CPU
	EndGlobalSection
	GlobalSection(SolutionProperties) = preSolution
		HideSolutionNode = FALSE
	EndGlobalSection
	GlobalSection(ExtensibilityGlobals) = postSolution
		SolutionGuid = {574E7E6B-70D1-449E-B334-8662D82E8482}
	EndGlobalSection
EndGlobal
